{
    "version": 3,
    "terraform_version": "0.10.7",
    "serial": 29,
    "lineage": "66b13ff6-9848-48e8-bde2-dea23c1ef09d",
    "modules": [
        {
            "path": [
                "root"
            ],
            "outputs": {
                "sg_WebApp": {
                    "sensitive": false,
                    "type": "string",
                    "value": "sg-d81de5a3"
                }
            },
            "resources": {
                "aws_elb.webapp": {
                    "type": "aws_elb",
                    "depends_on": [
                        "aws_security_group.sgWebApp",
                        "data.aws_subnet_ids.all"
                    ],
                    "primary": {
                        "id": "webapp",
                        "attributes": {
                            "access_logs.#": "0",
                            "availability_zones.#": "2",
                            "availability_zones.3953592328": "eu-west-1a",
                            "availability_zones.94988580": "eu-west-1c",
                            "connection_draining": "false",
                            "connection_draining_timeout": "300",
                            "cross_zone_load_balancing": "true",
                            "dns_name": "webapp-1768860017.eu-west-1.elb.amazonaws.com",
                            "health_check.#": "1",
                            "health_check.0.healthy_threshold": "2",
                            "health_check.0.interval": "5",
                            "health_check.0.target": "HTTP:80/",
                            "health_check.0.timeout": "2",
                            "health_check.0.unhealthy_threshold": "2",
                            "id": "webapp",
                            "idle_timeout": "60",
                            "instances.#": "2",
                            "instances.3322339761": "i-0ae9e7143b794a1c1",
                            "instances.3451597339": "i-04070ebf4a8e86121",
                            "internal": "false",
                            "listener.#": "1",
                            "listener.3057123346.instance_port": "80",
                            "listener.3057123346.instance_protocol": "http",
                            "listener.3057123346.lb_port": "80",
                            "listener.3057123346.lb_protocol": "http",
                            "listener.3057123346.ssl_certificate_id": "",
                            "name": "webapp",
                            "security_groups.#": "1",
                            "security_groups.3440747688": "sg-d81de5a3",
                            "source_security_group": "731862114207/sgWebApp",
                            "source_security_group_id": "sg-d81de5a3",
                            "subnets.#": "2",
                            "subnets.2770420240": "subnet-12277a5b",
                            "subnets.622963953": "subnet-fa501b9d",
                            "tags.%": "0",
                            "zone_id": "Z32O12XQLNTSW2"
                        },
                        "meta": {},
                        "tainted": false
                    },
                    "deposed": [],
                    "provider": ""
                },
                "aws_elb_attachment.webapp.0": {
                    "type": "aws_elb_attachment",
                    "depends_on": [
                        "aws_elb.webapp",
                        "aws_instance.webapp.*"
                    ],
                    "primary": {
                        "id": "webapp-20171025084942986000000001",
                        "attributes": {
                            "elb": "webapp",
                            "id": "webapp-20171025084942986000000001",
                            "instance": "i-07b8303793ec954ac"
                        },
                        "meta": {},
                        "tainted": false
                    },
                    "deposed": [],
                    "provider": ""
                },
                "aws_elb_attachment.webapp.1": {
                    "type": "aws_elb_attachment",
                    "depends_on": [
                        "aws_elb.webapp",
                        "aws_instance.webapp.*"
                    ],
                    "primary": {
                        "id": "webapp-20171025084943097100000002",
                        "attributes": {
                            "elb": "webapp",
                            "id": "webapp-20171025084943097100000002",
                            "instance": "i-076e728d600612533"
                        },
                        "meta": {},
                        "tainted": false
                    },
                    "deposed": [],
                    "provider": ""
                },
                "aws_instance.webapp.0": {
                    "type": "aws_instance",
                    "depends_on": [
                        "aws_security_group.sgWebApp",
                        "data.aws_ami.ubuntu",
                        "data.aws_subnet_ids.all",
                        "data.template_file.Website"
                    ],
                    "primary": {
                        "id": "i-07b8303793ec954ac",
                        "attributes": {
                            "ami": "ami-eed00d97",
                            "associate_public_ip_address": "true",
                            "availability_zone": "eu-west-1c",
                            "disable_api_termination": "false",
                            "ebs_block_device.#": "0",
                            "ebs_optimized": "false",
                            "ephemeral_block_device.#": "0",
                            "iam_instance_profile": "",
                            "id": "i-07b8303793ec954ac",
                            "instance_state": "running",
                            "instance_type": "t2.micro",
                            "ipv6_addresses.#": "0",
                            "key_name": "key-arnaud",
                            "monitoring": "false",
                            "network_interface.#": "0",
                            "network_interface_id": "eni-2c582300",
                            "primary_network_interface_id": "eni-2c582300",
                            "private_dns": "ip-10-1-0-122.eu-west-1.compute.internal",
                            "private_ip": "10.1.0.122",
                            "public_dns": "",
                            "public_ip": "54.194.237.72",
                            "root_block_device.#": "1",
                            "root_block_device.0.delete_on_termination": "true",
                            "root_block_device.0.iops": "100",
                            "root_block_device.0.volume_size": "8",
                            "root_block_device.0.volume_type": "gp2",
                            "security_groups.#": "0",
                            "source_dest_check": "true",
                            "subnet_id": "subnet-fa501b9d",
                            "tags.%": "1",
                            "tags.Name": "Appli AGU 0",
                            "tenancy": "default",
                            "user_data": "6beaf2c99630d6c58d2b2ce9f411c8e6f62c2525",
                            "volume_tags.%": "0",
                            "vpc_security_group_ids.#": "1",
                            "vpc_security_group_ids.3440747688": "sg-d81de5a3"
                        },
                        "meta": {
                            "e2bfb730-ecaa-11e6-8f88-34363bc7c4c0": {
                                "create": 600000000000,
                                "delete": 600000000000,
                                "update": 600000000000
                            },
                            "schema_version": "1"
                        },
                        "tainted": false
                    },
                    "deposed": [],
                    "provider": ""
                },
                "aws_instance.webapp.1": {
                    "type": "aws_instance",
                    "depends_on": [
                        "aws_security_group.sgWebApp",
                        "data.aws_ami.ubuntu",
                        "data.aws_subnet_ids.all",
                        "data.template_file.Website"
                    ],
                    "primary": {
                        "id": "i-076e728d600612533",
                        "attributes": {
                            "ami": "ami-eed00d97",
                            "associate_public_ip_address": "true",
                            "availability_zone": "eu-west-1a",
                            "disable_api_termination": "false",
                            "ebs_block_device.#": "0",
                            "ebs_optimized": "false",
                            "ephemeral_block_device.#": "0",
                            "iam_instance_profile": "",
                            "id": "i-076e728d600612533",
                            "instance_state": "running",
                            "instance_type": "t2.micro",
                            "ipv6_addresses.#": "0",
                            "key_name": "key-arnaud",
                            "monitoring": "false",
                            "network_interface.#": "0",
                            "network_interface_id": "eni-faae34c4",
                            "primary_network_interface_id": "eni-faae34c4",
                            "private_dns": "ip-10-1-1-177.eu-west-1.compute.internal",
                            "private_ip": "10.1.1.177",
                            "public_dns": "",
                            "public_ip": "54.229.79.94",
                            "root_block_device.#": "1",
                            "root_block_device.0.delete_on_termination": "true",
                            "root_block_device.0.iops": "100",
                            "root_block_device.0.volume_size": "8",
                            "root_block_device.0.volume_type": "gp2",
                            "security_groups.#": "0",
                            "source_dest_check": "true",
                            "subnet_id": "subnet-12277a5b",
                            "tags.%": "1",
                            "tags.Name": "Appli AGU 1",
                            "tenancy": "default",
                            "user_data": "6beaf2c99630d6c58d2b2ce9f411c8e6f62c2525",
                            "volume_tags.%": "0",
                            "vpc_security_group_ids.#": "1",
                            "vpc_security_group_ids.3440747688": "sg-d81de5a3"
                        },
                        "meta": {
                            "e2bfb730-ecaa-11e6-8f88-34363bc7c4c0": {
                                "create": 600000000000,
                                "delete": 600000000000,
                                "update": 600000000000
                            },
                            "schema_version": "1"
                        },
                        "tainted": false
                    },
                    "deposed": [],
                    "provider": ""
                },
                "aws_security_group.sgWebApp": {
                    "type": "aws_security_group",
                    "depends_on": [
                        "data.terraform_remote_state.core"
                    ],
                    "primary": {
                        "id": "sg-d81de5a3",
                        "attributes": {
                            "description": "Filter SSH \u0026 HTTP",
                            "egress.#": "1",
                            "egress.482069346.cidr_blocks.#": "1",
                            "egress.482069346.cidr_blocks.0": "0.0.0.0/0",
                            "egress.482069346.description": "",
                            "egress.482069346.from_port": "0",
                            "egress.482069346.ipv6_cidr_blocks.#": "0",
                            "egress.482069346.prefix_list_ids.#": "0",
                            "egress.482069346.protocol": "-1",
                            "egress.482069346.security_groups.#": "0",
                            "egress.482069346.self": "false",
                            "egress.482069346.to_port": "0",
                            "id": "sg-d81de5a3",
                            "ingress.#": "2",
                            "ingress.2214680975.cidr_blocks.#": "1",
                            "ingress.2214680975.cidr_blocks.0": "0.0.0.0/0",
                            "ingress.2214680975.description": "",
                            "ingress.2214680975.from_port": "80",
                            "ingress.2214680975.ipv6_cidr_blocks.#": "0",
                            "ingress.2214680975.protocol": "TCP",
                            "ingress.2214680975.security_groups.#": "0",
                            "ingress.2214680975.self": "false",
                            "ingress.2214680975.to_port": "80",
                            "ingress.2541437006.cidr_blocks.#": "1",
                            "ingress.2541437006.cidr_blocks.0": "0.0.0.0/0",
                            "ingress.2541437006.description": "",
                            "ingress.2541437006.from_port": "22",
                            "ingress.2541437006.ipv6_cidr_blocks.#": "0",
                            "ingress.2541437006.protocol": "TCP",
                            "ingress.2541437006.security_groups.#": "0",
                            "ingress.2541437006.self": "false",
                            "ingress.2541437006.to_port": "22",
                            "name": "sgWebApp",
                            "owner_id": "731862114207",
                            "tags.%": "1",
                            "tags.Name": "SG-WebApp",
                            "vpc_id": "vpc-ab5a04cc"
                        },
                        "meta": {},
                        "tainted": false
                    },
                    "deposed": [],
                    "provider": ""
                },
                "data.aws_ami.ubuntu": {
                    "type": "aws_ami",
                    "depends_on": [],
                    "primary": {
                        "id": "ami-eed00d97",
                        "attributes": {
                            "architecture": "x86_64",
                            "block_device_mappings.#": "3",
                            "block_device_mappings.1634610537.device_name": "/dev/sdb",
                            "block_device_mappings.1634610537.ebs.%": "0",
                            "block_device_mappings.1634610537.no_device": "",
                            "block_device_mappings.1634610537.virtual_name": "ephemeral0",
                            "block_device_mappings.2547816212.device_name": "/dev/sda1",
                            "block_device_mappings.2547816212.ebs.%": "6",
                            "block_device_mappings.2547816212.ebs.delete_on_termination": "true",
                            "block_device_mappings.2547816212.ebs.encrypted": "false",
                            "block_device_mappings.2547816212.ebs.iops": "0",
                            "block_device_mappings.2547816212.ebs.snapshot_id": "snap-081f2b4abff1a8f45",
                            "block_device_mappings.2547816212.ebs.volume_size": "8",
                            "block_device_mappings.2547816212.ebs.volume_type": "gp2",
                            "block_device_mappings.2547816212.no_device": "",
                            "block_device_mappings.2547816212.virtual_name": "",
                            "block_device_mappings.3850042718.device_name": "/dev/sdc",
                            "block_device_mappings.3850042718.ebs.%": "0",
                            "block_device_mappings.3850042718.no_device": "",
                            "block_device_mappings.3850042718.virtual_name": "ephemeral1",
                            "creation_date": "2017-10-13T19:37:12.000Z",
                            "description": "Canonical, Ubuntu, 16.04 LTS, amd64 xenial image build on 2017-10-11",
                            "filter.#": "2",
                            "filter.1585153008.name": "name",
                            "filter.1585153008.values.#": "1",
                            "filter.1585153008.values.0": "ubuntu/images/hvm-ssd/ubuntu-xenial-16.04-amd64-server-*",
                            "filter.490168357.name": "virtualization-type",
                            "filter.490168357.values.#": "1",
                            "filter.490168357.values.0": "hvm",
                            "hypervisor": "xen",
                            "id": "ami-eed00d97",
                            "image_id": "ami-eed00d97",
                            "image_location": "099720109477/ubuntu/images/hvm-ssd/ubuntu-xenial-16.04-amd64-server-20171011",
                            "image_type": "machine",
                            "most_recent": "true",
                            "name": "ubuntu/images/hvm-ssd/ubuntu-xenial-16.04-amd64-server-20171011",
                            "owner_id": "099720109477",
                            "owners.#": "1",
                            "owners.0": "099720109477",
                            "product_codes.#": "0",
                            "public": "true",
                            "root_device_name": "/dev/sda1",
                            "root_device_type": "ebs",
                            "root_snapshot_id": "snap-081f2b4abff1a8f45",
                            "sriov_net_support": "simple",
                            "state": "available",
                            "state_reason.%": "2",
                            "state_reason.code": "UNSET",
                            "state_reason.message": "UNSET",
                            "tags.%": "0",
                            "virtualization_type": "hvm"
                        },
                        "meta": {},
                        "tainted": false
                    },
                    "deposed": [],
                    "provider": ""
                },
                "data.aws_subnet_ids.all": {
                    "type": "aws_subnet_ids",
                    "depends_on": [
                        "data.terraform_remote_state.core"
                    ],
                    "primary": {
                        "id": "vpc-ab5a04cc",
                        "attributes": {
                            "id": "vpc-ab5a04cc",
                            "ids.#": "2",
                            "ids.2770420240": "subnet-12277a5b",
                            "ids.622963953": "subnet-fa501b9d",
                            "vpc_id": "vpc-ab5a04cc"
                        },
                        "meta": {},
                        "tainted": false
                    },
                    "deposed": [],
                    "provider": ""
                },
                "data.template_file.Website": {
                    "type": "template_file",
                    "depends_on": [],
                    "primary": {
                        "id": "0a486dec640230187e52116e7959b7b0412d28accbdb4d136cc6462130614656",
                        "attributes": {
                            "id": "0a486dec640230187e52116e7959b7b0412d28accbdb4d136cc6462130614656",
                            "rendered": "#!/usr/bin/env bash\n\napt-get update -y\n#apt-get upgrade -y\napt-get install -y git nginx\nrm /etc/nginx/sites-enabled/default \ncat \u003e /etc/nginx/conf.d/webapp.conf \u003c\u003cEOF\nserver {\n    listen 80;\n    server_name _;\n    root /var/webapp;\n}\nEOF\nHOST=`hostname`\ngit clone https://github.com/d2si/webapp.git /var/webapp\nsed -i \"s#everybody#web site AGU at $HOST#\" /var/webapp/index.html\n#systemctl restart nginx\nservice nginx restart\n",
                            "template": "#!/usr/bin/env bash\n\napt-get update -y\n#apt-get upgrade -y\napt-get install -y git nginx\nrm /etc/nginx/sites-enabled/default \ncat \u003e /etc/nginx/conf.d/webapp.conf \u003c\u003cEOF\nserver {\n    listen 80;\n    server_name _;\n    root /var/webapp;\n}\nEOF\nHOST=`hostname`\ngit clone https://github.com/d2si/webapp.git /var/webapp\nsed -i \"s#everybody#${username} at $HOST#\" /var/webapp/index.html\n#systemctl restart nginx\nservice nginx restart\n",
                            "vars.%": "1",
                            "vars.username": "web site AGU"
                        },
                        "meta": {},
                        "tainted": false
                    },
                    "deposed": [],
                    "provider": ""
                },
                "data.terraform_remote_state.core": {
                    "type": "terraform_remote_state",
                    "depends_on": [],
                    "primary": {
                        "id": "2017-10-25 08:48:07.746998896 +0000 UTC",
                        "attributes": {
                            "backend": "s3",
                            "config.%": "3",
                            "config.bucket": "aguterraform.tfstate",
                            "config.key": "core/infra",
                            "config.region": "eu-west-1",
                            "environment": "default",
                            "id": "2017-10-25 08:48:07.746998896 +0000 UTC",
                            "subnet_pub_id": "subnet-fa501b9d",
                            "vpc_core_id": "vpc-ab5a04cc"
                        },
                        "meta": {},
                        "tainted": false
                    },
                    "deposed": [],
                    "provider": ""
                }
            },
            "depends_on": []
        }
    ]
}
